
Microsoft Visual Studio Solution File, Format Version 12.00
# Visual Studio 15
Project("{FAE04EC0-301F-11D3-BF4B-00C04F79EFBC}") = "ShoeWeightt.Android", "ShoeWeightt.Android\ShoeWeightt.Android.csproj", "{35A04EC3-D655-41AB-B80D-58C70007CE36}"
EndProject
Project("{FAE04EC0-301F-11D3-BF4B-00C04F79EFBC}") = "ShoeWeightt.iOS", "ShoeWeightt.iOS\ShoeWeightt.iOS.csproj", "{8F8E92F2-50AA-49F3-9E31-499EE1538CFA}"
EndProject
Project("{FAE04EC0-301F-11D3-BF4B-00C04F79EFBC}") = "ShoeWeightt.UITests", "ShoeWeightt.UITests\ShoeWeightt.UITests.csproj", "{6A5BD22F-7C6D-4A65-8ABB-A83822F76BB4}"
EndProject
Project("{FAE04EC0-301F-11D3-BF4B-00C04F79EFBC}") = "ShoeWeightt", "ShoeWeightt\ShoeWeightt.csproj", "{B8A8C27B-2006-49EE-915E-242C4AEC2659}"
EndProject
Global
	GlobalSection(SolutionConfigurationPlatforms) = preSolution
		Debug|Any CPU = Debug|Any CPU
		Release|Any CPU = Release|Any CPU
		Debug|iPhoneSimulator = Debug|iPhoneSimulator
		Release|iPhoneSimulator = Release|iPhoneSimulator
		Debug|iPhone = Debug|iPhone
		Release|iPhone = Release|iPhone
	EndGlobalSection
	GlobalSection(ProjectConfigurationPlatforms) = postSolution
		{35A04EC3-D655-41AB-B80D-58C70007CE36}.Debug|Any CPU.ActiveCfg = Debug|Any CPU
		{35A04EC3-D655-41AB-B80D-58C70007CE36}.Debug|Any CPU.Build.0 = Debug|Any CPU
		{35A04EC3-D655-41AB-B80D-58C70007CE36}.Release|Any CPU.ActiveCfg = Release|Any CPU
		{35A04EC3-D655-41AB-B80D-58C70007CE36}.Release|Any CPU.Build.0 = Release|Any CPU
		{35A04EC3-D655-41AB-B80D-58C70007CE36}.Debug|iPhoneSimulator.ActiveCfg = Debug|Any CPU
		{35A04EC3-D655-41AB-B80D-58C70007CE36}.Debug|iPhoneSimulator.Build.0 = Debug|Any CPU
		{35A04EC3-D655-41AB-B80D-58C70007CE36}.Release|iPhoneSimulator.ActiveCfg = Release|Any CPU
		{35A04EC3-D655-41AB-B80D-58C70007CE36}.Release|iPhoneSimulator.Build.0 = Release|Any CPU
		{35A04EC3-D655-41AB-B80D-58C70007CE36}.Debug|iPhone.ActiveCfg = Debug|Any CPU
		{35A04EC3-D655-41AB-B80D-58C70007CE36}.Debug|iPhone.Build.0 = Debug|Any CPU
		{35A04EC3-D655-41AB-B80D-58C70007CE36}.Release|iPhone.ActiveCfg = Release|Any CPU
		{35A04EC3-D655-41AB-B80D-58C70007CE36}.Release|iPhone.Build.0 = Release|Any CPU
		{8F8E92F2-50AA-49F3-9E31-499EE1538CFA}.Debug|Any CPU.ActiveCfg = Debug|iPhoneSimulator
		{8F8E92F2-50AA-49F3-9E31-499EE1538CFA}.Debug|Any CPU.Build.0 = Debug|iPhoneSimulator
		{8F8E92F2-50AA-49F3-9E31-499EE1538CFA}.Release|Any CPU.ActiveCfg = Release|iPhoneSimulator
		{8F8E92F2-50AA-49F3-9E31-499EE1538CFA}.Release|Any CPU.Build.0 = Release|iPhoneSimulator
		{8F8E92F2-50AA-49F3-9E31-499EE1538CFA}.Debug|iPhoneSimulator.ActiveCfg = Debug|iPhoneSimulator
		{8F8E92F2-50AA-49F3-9E31-499EE1538CFA}.Debug|iPhoneSimulator.Build.0 = Debug|iPhoneSimulator
		{8F8E92F2-50AA-49F3-9E31-499EE1538CFA}.Release|iPhoneSimulator.ActiveCfg = Release|iPhoneSimulator
		{8F8E92F2-50AA-49F3-9E31-499EE1538CFA}.Release|iPhoneSimulator.Build.0 = Release|iPhoneSimulator
		{8F8E92F2-50AA-49F3-9E31-499EE1538CFA}.Debug|iPhone.ActiveCfg = Debug|iPhone
		{8F8E92F2-50AA-49F3-9E31-499EE1538CFA}.Debug|iPhone.Build.0 = Debug|iPhone
		{8F8E92F2-50AA-49F3-9E31-499EE1538CFA}.Release|iPhone.ActiveCfg = Release|iPhone
		{8F8E92F2-50AA-49F3-9E31-499EE1538CFA}.Release|iPhone.Build.0 = Release|iPhone
		{6A5BD22F-7C6D-4A65-8ABB-A83822F76BB4}.Debug|Any CPU.ActiveCfg = Debug|Any CPU
		{6A5BD22F-7C6D-4A65-8ABB-A83822F76BB4}.Debug|Any CPU.Build.0 = Debug|Any CPU
		{6A5BD22F-7C6D-4A65-8ABB-A83822F76BB4}.Release|Any CPU.ActiveCfg = Release|Any CPU
		{6A5BD22F-7C6D-4A65-8ABB-A83822F76BB4}.Release|Any CPU.Build.0 = Release|Any CPU
		{6A5BD22F-7C6D-4A65-8ABB-A83822F76BB4}.Debug|iPhoneSimulator.ActiveCfg = Debug|Any CPU
		{6A5BD22F-7C6D-4A65-8ABB-A83822F76BB4}.Debug|iPhoneSimulator.Build.0 = Debug|Any CPU
		{6A5BD22F-7C6D-4A65-8ABB-A83822F76BB4}.Release|iPhoneSimulator.ActiveCfg = Release|Any CPU
		{6A5BD22F-7C6D-4A65-8ABB-A83822F76BB4}.Release|iPhoneSimulator.Build.0 = Release|Any CPU
		{6A5BD22F-7C6D-4A65-8ABB-A83822F76BB4}.Debug|iPhone.ActiveCfg = Debug|Any CPU
		{6A5BD22F-7C6D-4A65-8ABB-A83822F76BB4}.Debug|iPhone.Build.0 = Debug|Any CPU
		{6A5BD22F-7C6D-4A65-8ABB-A83822F76BB4}.Release|iPhone.ActiveCfg = Release|Any CPU
		{6A5BD22F-7C6D-4A65-8ABB-A83822F76BB4}.Release|iPhone.Build.0 = Release|Any CPU
		{B8A8C27B-2006-49EE-915E-242C4AEC2659}.Debug|Any CPU.ActiveCfg = Debug|Any CPU
		{B8A8C27B-2006-49EE-915E-242C4AEC2659}.Debug|Any CPU.Build.0 = Debug|Any CPU
		{B8A8C27B-2006-49EE-915E-242C4AEC2659}.Release|Any CPU.ActiveCfg = Release|Any CPU
		{B8A8C27B-2006-49EE-915E-242C4AEC2659}.Release|Any CPU.Build.0 = Release|Any CPU
		{B8A8C27B-2006-49EE-915E-242C4AEC2659}.Debug|iPhoneSimulator.ActiveCfg = Debug|Any CPU
		{B8A8C27B-2006-49EE-915E-242C4AEC2659}.Debug|iPhoneSimulator.Build.0 = Debug|Any CPU
		{B8A8C27B-2006-49EE-915E-242C4AEC2659}.Release|iPhoneSimulator.ActiveCfg = Release|Any CPU
		{B8A8C27B-2006-49EE-915E-242C4AEC2659}.Release|iPhoneSimulator.Build.0 = Release|Any CPU
		{B8A8C27B-2006-49EE-915E-242C4AEC2659}.Debug|iPhone.ActiveCfg = Debug|Any CPU
		{B8A8C27B-2006-49EE-915E-242C4AEC2659}.Debug|iPhone.Build.0 = Debug|Any CPU
		{B8A8C27B-2006-49EE-915E-242C4AEC2659}.Release|iPhone.ActiveCfg = Release|Any CPU
		{B8A8C27B-2006-49EE-915E-242C4AEC2659}.Release|iPhone.Build.0 = Release|Any CPU
	EndGlobalSection
	GlobalSection(MonoDevelopProperties) = preSolution
		Policies = $0
		$0.DotNetNamingPolicy = $1
		$1.DirectoryNamespaceAssociation = PrefixedHierarchical
		$0.StandardHeader = $2
		$0.VersionControlPolicy = $3
	EndGlobalSection
EndGlobal
